
Microsoft Visual Studio Solution File, Format Version 12.00
# Visual Studio Version 16
VisualStudioVersion = 16.0.29728.190
MinimumVisualStudioVersion = 10.0.40219.1
Project("{9A19103F-16F7-4668-BE54-9A1E7A4F7556}") = "Maps", "Maps\Maps.csproj", "{EC83E961-94B0-41E1-B627-D0295CE0CF3A}"
EndProject
Project("{FAE04EC0-301F-11D3-BF4B-00C04F79EFBC}") = "Maps.Testes", "Maps.Testes\Maps.Testes.csproj", "{01363250-3FD3-43F2-8B33-970DCDAF58DC}"
EndProject
Global
	GlobalSection(SolutionConfigurationPlatforms) = preSolution
		Debug|Any CPU = Debug|Any CPU
		Release|Any CPU = Release|Any CPU
	EndGlobalSection
	GlobalSection(ProjectConfigurationPlatforms) = postSolution
		{EC83E961-94B0-41E1-B627-D0295CE0CF3A}.Debug|Any CPU.ActiveCfg = Debug|Any CPU
		{EC83E961-94B0-41E1-B627-D0295CE0CF3A}.Debug|Any CPU.Build.0 = Debug|Any CPU
		{EC83E961-94B0-41E1-B627-D0295CE0CF3A}.Release|Any CPU.ActiveCfg = Release|Any CPU
		{EC83E961-94B0-41E1-B627-D0295CE0CF3A}.Release|Any CPU.Build.0 = Release|Any CPU
		{01363250-3FD3-43F2-8B33-970DCDAF58DC}.Debug|Any CPU.ActiveCfg = Debug|Any CPU
		{01363250-3FD3-43F2-8B33-970DCDAF58DC}.Debug|Any CPU.Build.0 = Debug|Any CPU
		{01363250-3FD3-43F2-8B33-970DCDAF58DC}.Release|Any CPU.ActiveCfg = Release|Any CPU
		{01363250-3FD3-43F2-8B33-970DCDAF58DC}.Release|Any CPU.Build.0 = Release|Any CPU
	EndGlobalSection
	GlobalSection(SolutionProperties) = preSolution
		HideSolutionNode = FALSE
	EndGlobalSection
	GlobalSection(ExtensibilityGlobals) = postSolution
		SolutionGuid = {41DEF677-1004-4ABD-A520-16E931B95454}
	EndGlobalSection
EndGlobal
